// !$*UTF8*$!
{
	archiveVersion = 1;
	classes = {
	};
	objectVersion = 55;
	objects = {

/* Begin PBXBuildFile section */
		03AB197E283793180095DC2D /* ProfilePage.swift in Sources */ = {isa = PBXBuildFile; fileRef = 03AB197D283793170095DC2D /* ProfilePage.swift */; };
		03AB1980283799030095DC2D /* ChangePassword.swift in Sources */ = {isa = PBXBuildFile; fileRef = 03AB197F283799030095DC2D /* ChangePassword.swift */; };
		1D3A366F282FB0E800021F30 /* PlantLiveAppApp.swift in Sources */ = {isa = PBXBuildFile; fileRef = 1D3A366E282FB0E800021F30 /* PlantLiveAppApp.swift */; };
		1D3A3671282FB0E800021F30 /* ContentView.swift in Sources */ = {isa = PBXBuildFile; fileRef = 1D3A3670282FB0E800021F30 /* ContentView.swift */; };
		1D3A3673282FB0EA00021F30 /* Assets.xcassets in Resources */ = {isa = PBXBuildFile; fileRef = 1D3A3672282FB0EA00021F30 /* Assets.xcassets */; };
		1D3A3676282FB0EA00021F30 /* Preview Assets.xcassets in Resources */ = {isa = PBXBuildFile; fileRef = 1D3A3675282FB0EA00021F30 /* Preview Assets.xcassets */; };
		1D5B9C6A2830E22F002698E9 /* Category.swift in Sources */ = {isa = PBXBuildFile; fileRef = 1D5B9C692830E22F002698E9 /* Category.swift */; };
		1D5B9C6C2830E465002698E9 /* Plant.swift in Sources */ = {isa = PBXBuildFile; fileRef = 1D5B9C6B2830E465002698E9 /* Plant.swift */; };
		1D5B9C702830E823002698E9 /* HomeScreen.swift in Sources */ = {isa = PBXBuildFile; fileRef = 1D5B9C6F2830E823002698E9 /* HomeScreen.swift */; };
		1D5B9C722830E86A002698E9 /* AboutScreen.swift in Sources */ = {isa = PBXBuildFile; fileRef = 1D5B9C712830E86A002698E9 /* AboutScreen.swift */; };
		1D5B9C742830F44E002698E9 /* PlantDetail.swift in Sources */ = {isa = PBXBuildFile; fileRef = 1D5B9C732830F44E002698E9 /* PlantDetail.swift */; };
		1D5B9C762830FA1C002698E9 /* PlantListScreen.swift in Sources */ = {isa = PBXBuildFile; fileRef = 1D5B9C752830FA1C002698E9 /* PlantListScreen.swift */; };
		1DB7545C283A1D1700E9ABB9 /* Alamofire in Frameworks */ = {isa = PBXBuildFile; productRef = 1DB7545B283A1D1700E9ABB9 /* Alamofire */; };
		1DB7545E283A1EBF00E9ABB9 /* ProductListScreen.swift in Sources */ = {isa = PBXBuildFile; fileRef = 1DB7545D283A1EBF00E9ABB9 /* ProductListScreen.swift */; };
		1DB75460283A1EEB00E9ABB9 /* Product.swift in Sources */ = {isa = PBXBuildFile; fileRef = 1DB7545F283A1EEB00E9ABB9 /* Product.swift */; };
		1DCB70B52838DA41000DA5EC /* CategoryList.swift in Sources */ = {isa = PBXBuildFile; fileRef = 1DCB70B42838DA41000DA5EC /* CategoryList.swift */; };
		1DCB70B72838FFFF000DA5EC /* AddCategory.swift in Sources */ = {isa = PBXBuildFile; fileRef = 1DCB70B62838FFFF000DA5EC /* AddCategory.swift */; };
/* End PBXBuildFile section */

/* Begin PBXFileReference section */
		03AB197D283793170095DC2D /* ProfilePage.swift */ = {isa = PBXFileReference; lastKnownFileType = sourcecode.swift; path = ProfilePage.swift; sourceTree = "<group>"; };
		03AB197F283799030095DC2D /* ChangePassword.swift */ = {isa = PBXFileReference; lastKnownFileType = sourcecode.swift; path = ChangePassword.swift; sourceTree = "<group>"; };
		1D3A366B282FB0E800021F30 /* PlantLiveApp.app */ = {isa = PBXFileReference; explicitFileType = wrapper.application; includeInIndex = 0; path = PlantLiveApp.app; sourceTree = BUILT_PRODUCTS_DIR; };
		1D3A366E282FB0E800021F30 /* PlantLiveAppApp.swift */ = {isa = PBXFileReference; lastKnownFileType = sourcecode.swift; path = PlantLiveAppApp.swift; sourceTree = "<group>"; };
		1D3A3670282FB0E800021F30 /* ContentView.swift */ = {isa = PBXFileReference; lastKnownFileType = sourcecode.swift; path = ContentView.swift; sourceTree = "<group>"; };
		1D3A3672282FB0EA00021F30 /* Assets.xcassets */ = {isa = PBXFileReference; lastKnownFileType = folder.assetcatalog; path = Assets.xcassets; sourceTree = "<group>"; };
		1D3A3675282FB0EA00021F30 /* Preview Assets.xcassets */ = {isa = PBXFileReference; lastKnownFileType = folder.assetcatalog; path = "Preview Assets.xcassets"; sourceTree = "<group>"; };
		1D5B9C692830E22F002698E9 /* Category.swift */ = {isa = PBXFileReference; lastKnownFileType = sourcecode.swift; path = Category.swift; sourceTree = "<group>"; };
		1D5B9C6B2830E465002698E9 /* Plant.swift */ = {isa = PBXFileReference; lastKnownFileType = sourcecode.swift; path = Plant.swift; sourceTree = "<group>"; };
		1D5B9C6F2830E823002698E9 /* HomeScreen.swift */ = {isa = PBXFileReference; lastKnownFileType = sourcecode.swift; path = HomeScreen.swift; sourceTree = "<group>"; };
		1D5B9C712830E86A002698E9 /* AboutScreen.swift */ = {isa = PBXFileReference; lastKnownFileType = sourcecode.swift; path = AboutScreen.swift; sourceTree = "<group>"; };
		1D5B9C732830F44E002698E9 /* PlantDetail.swift */ = {isa = PBXFileReference; lastKnownFileType = sourcecode.swift; path = PlantDetail.swift; sourceTree = "<group>"; };
		1D5B9C752830FA1C002698E9 /* PlantListScreen.swift */ = {isa = PBXFileReference; lastKnownFileType = sourcecode.swift; path = PlantListScreen.swift; sourceTree = "<group>"; };
		1DB7545D283A1EBF00E9ABB9 /* ProductListScreen.swift */ = {isa = PBXFileReference; lastKnownFileType = sourcecode.swift; path = ProductListScreen.swift; sourceTree = "<group>"; };
		1DB7545F283A1EEB00E9ABB9 /* Product.swift */ = {isa = PBXFileReference; lastKnownFileType = sourcecode.swift; path = Product.swift; sourceTree = "<group>"; };
		1DCB70B42838DA41000DA5EC /* CategoryList.swift */ = {isa = PBXFileReference; lastKnownFileType = sourcecode.swift; path = CategoryList.swift; sourceTree = "<group>"; };
		1DCB70B62838FFFF000DA5EC /* AddCategory.swift */ = {isa = PBXFileReference; lastKnownFileType = sourcecode.swift; path = AddCategory.swift; sourceTree = "<group>"; };
/* End PBXFileReference section */

/* Begin PBXFrameworksBuildPhase section */
		1D3A3668282FB0E800021F30 /* Frameworks */ = {
			isa = PBXFrameworksBuildPhase;
			buildActionMask = 2147483647;
			files = (
				1DB7545C283A1D1700E9ABB9 /* Alamofire in Frameworks */,
			);
			runOnlyForDeploymentPostprocessing = 0;
		};
/* End PBXFrameworksBuildPhase section */

/* Begin PBXGroup section */
		1D3A3662282FB0E700021F30 = {
			isa = PBXGroup;
			children = (
				1D3A366D282FB0E800021F30 /* PlantLiveApp */,
				1D3A366C282FB0E800021F30 /* Products */,
			);
			sourceTree = "<group>";
		};
		1D3A366C282FB0E800021F30 /* Products */ = {
			isa = PBXGroup;
			children = (
				1D3A366B282FB0E800021F30 /* PlantLiveApp.app */,
			);
			name = Products;
			sourceTree = "<group>";
		};
		1D3A366D282FB0E800021F30 /* PlantLiveApp */ = {
			isa = PBXGroup;
			children = (
				1D5B9C6D2830E539002698E9 /* views */,
				1D5B9C682830E1F1002698E9 /* models */,
				1D3A366E282FB0E800021F30 /* PlantLiveAppApp.swift */,
				1D3A3670282FB0E800021F30 /* ContentView.swift */,
				1D3A3672282FB0EA00021F30 /* Assets.xcassets */,
				1D3A3674282FB0EA00021F30 /* Preview Content */,
			);
			path = PlantLiveApp;
			sourceTree = "<group>";
		};
		1D3A3674282FB0EA00021F30 /* Preview Content */ = {
			isa = PBXGroup;
			children = (
				1D3A3675282FB0EA00021F30 /* Preview Assets.xcassets */,
			);
			path = "Preview Content";
			sourceTree = "<group>";
		};
		1D5B9C682830E1F1002698E9 /* models */ = {
			isa = PBXGroup;
			children = (
				1D5B9C692830E22F002698E9 /* Category.swift */,
				1D5B9C6B2830E465002698E9 /* Plant.swift */,
				1DB7545F283A1EEB00E9ABB9 /* Product.swift */,
			);
			path = models;
			sourceTree = "<group>";
		};
		1D5B9C6D2830E539002698E9 /* views */ = {
			isa = PBXGroup;
			children = (
				1D5B9C6E2830E80E002698E9 /* screens */,
			);
			path = views;
			sourceTree = "<group>";
		};
		1D5B9C6E2830E80E002698E9 /* screens */ = {
			isa = PBXGroup;
			children = (
				1D5B9C6F2830E823002698E9 /* HomeScreen.swift */,
				1D5B9C712830E86A002698E9 /* AboutScreen.swift */,
				1D5B9C732830F44E002698E9 /* PlantDetail.swift */,
				1D5B9C752830FA1C002698E9 /* PlantListScreen.swift */,
				03AB197D283793170095DC2D /* ProfilePage.swift */,
				03AB197F283799030095DC2D /* ChangePassword.swift */,
				1DCB70B42838DA41000DA5EC /* CategoryList.swift */,
				1DCB70B62838FFFF000DA5EC /* AddCategory.swift */,
				1DB7545D283A1EBF00E9ABB9 /* ProductListScreen.swift */,
			);
			path = screens;
			sourceTree = "<group>";
		};
/* End PBXGroup section */

/* Begin PBXNativeTarget section */
		1D3A366A282FB0E800021F30 /* PlantLiveApp */ = {
			isa = PBXNativeTarget;
			buildConfigurationList = 1D3A3679282FB0EA00021F30 /* Build configuration list for PBXNativeTarget "PlantLiveApp" */;
			buildPhases = (
				1D3A3667282FB0E800021F30 /* Sources */,
				1D3A3668282FB0E800021F30 /* Frameworks */,
				1D3A3669282FB0E800021F30 /* Resources */,
			);
			buildRules = (
			);
			dependencies = (
			);
			name = PlantLiveApp;
			packageProductDependencies = (
				1DB7545B283A1D1700E9ABB9 /* Alamofire */,
			);
			productName = PlantLiveApp;
			productReference = 1D3A366B282FB0E800021F30 /* PlantLiveApp.app */;
			productType = "com.apple.product-type.application";
		};
/* End PBXNativeTarget section */

/* Begin PBXProject section */
		1D3A3663282FB0E700021F30 /* Project object */ = {
			isa = PBXProject;
			attributes = {
				BuildIndependentTargetsInParallel = 1;
				LastSwiftUpdateCheck = 1310;
				LastUpgradeCheck = 1310;
				TargetAttributes = {
					1D3A366A282FB0E800021F30 = {
						CreatedOnToolsVersion = 13.1;
					};
				};
			};
			buildConfigurationList = 1D3A3666282FB0E700021F30 /* Build configuration list for PBXProject "PlantLiveApp" */;
			compatibilityVersion = "Xcode 13.0";
			developmentRegion = en;
			hasScannedForEncodings = 0;
			knownRegions = (
				en,
				Base,
			);
			mainGroup = 1D3A3662282FB0E700021F30;
			packageReferences = (
				1DB7545A283A1D1700E9ABB9 /* XCRemoteSwiftPackageReference "Alamofire" */,
			);
			productRefGroup = 1D3A366C282FB0E800021F30 /* Products */;
			projectDirPath = "";
			projectRoot = "";
			targets = (
				1D3A366A282FB0E800021F30 /* PlantLiveApp */,
			);
		};
/* End PBXProject section */

/* Begin PBXResourcesBuildPhase section */
		1D3A3669282FB0E800021F30 /* Resources */ = {
			isa = PBXResourcesBuildPhase;
			buildActionMask = 2147483647;
			files = (
				1D3A3676282FB0EA00021F30 /* Preview Assets.xcassets in Resources */,
				1D3A3673282FB0EA00021F30 /* Assets.xcassets in Resources */,
			);
			runOnlyForDeploymentPostprocessing = 0;
		};
/* End PBXResourcesBuildPhase section */

/* Begin PBXSourcesBuildPhase section */
		1D3A3667282FB0E800021F30 /* Sources */ = {
			isa = PBXSourcesBuildPhase;
			buildActionMask = 2147483647;
			files = (
				1DCB70B52838DA41000DA5EC /* CategoryList.swift in Sources */,
				03AB197E283793180095DC2D /* ProfilePage.swift in Sources */,
				1D3A3671282FB0E800021F30 /* ContentView.swift in Sources */,
				03AB1980283799030095DC2D /* ChangePassword.swift in Sources */,
				1D5B9C702830E823002698E9 /* HomeScreen.swift in Sources */,
				1D5B9C6C2830E465002698E9 /* Plant.swift in Sources */,
				1D5B9C762830FA1C002698E9 /* PlantListScreen.swift in Sources */,
				1D3A366F282FB0E800021F30 /* PlantLiveAppApp.swift in Sources */,
				1D5B9C722830E86A002698E9 /* AboutScreen.swift in Sources */,
				1D5B9C742830F44E002698E9 /* PlantDetail.swift in Sources */,
				1D5B9C6A2830E22F002698E9 /* Category.swift in Sources */,
				1DB7545E283A1EBF00E9ABB9 /* ProductListScreen.swift in Sources */,
				1DCB70B72838FFFF000DA5EC /* AddCategory.swift in Sources */,
				1DB75460283A1EEB00E9ABB9 /* Product.swift in Sources */,
			);
			runOnlyForDeploymentPostprocessing = 0;
		};
/* End PBXSourcesBuildPhase section */

/* Begin XCBuildConfiguration section */
		1D3A3677282FB0EA00021F30 /* Debug */ = {
			isa = XCBuildConfiguration;
			buildSettings = {
				ALWAYS_SEARCH_USER_PATHS = NO;
				CLANG_ANALYZER_NONNULL = YES;
				CLANG_ANALYZER_NUMBER_OBJECT_CONVERSION = YES_AGGRESSIVE;
				CLANG_CXX_LANGUAGE_STANDARD = "gnu++17";
				CLANG_CXX_LIBRARY = "libc++";
				CLANG_ENABLE_MODULES = YES;
				CLANG_ENABLE_OBJC_ARC = YES;
				CLANG_ENABLE_OBJC_WEAK = YES;
				CLANG_WARN_BLOCK_CAPTURE_AUTORELEASING = YES;
				CLANG_WARN_BOOL_CONVERSION = YES;
				CLANG_WARN_COMMA = YES;
				CLANG_WARN_CONSTANT_CONVERSION = YES;
				CLANG_WARN_DEPRECATED_OBJC_IMPLEMENTATIONS = YES;
				CLANG_WARN_DIRECT_OBJC_ISA_USAGE = YES_ERROR;
				CLANG_WARN_DOCUMENTATION_COMMENTS = YES;
				CLANG_WARN_EMPTY_BODY = YES;
				CLANG_WARN_ENUM_CONVERSION = YES;
				CLANG_WARN_INFINITE_RECURSION = YES;
				CLANG_WARN_INT_CONVERSION = YES;
				CLANG_WARN_NON_LITERAL_NULL_CONVERSION = YES;
				CLANG_WARN_OBJC_IMPLICIT_RETAIN_SELF = YES;
				CLANG_WARN_OBJC_LITERAL_CONVERSION = YES;
				CLANG_WARN_OBJC_ROOT_CLASS = YES_ERROR;
				CLANG_WARN_QUOTED_INCLUDE_IN_FRAMEWORK_HEADER = YES;
				CLANG_WARN_RANGE_LOOP_ANALYSIS = YES;
				CLANG_WARN_STRICT_PROTOTYPES = YES;
				CLANG_WARN_SUSPICIOUS_MOVE = YES;
				CLANG_WARN_UNGUARDED_AVAILABILITY = YES_AGGRESSIVE;
				CLANG_WARN_UNREACHABLE_CODE = YES;
				CLANG_WARN__DUPLICATE_METHOD_MATCH = YES;
				COPY_PHASE_STRIP = NO;
				DEBUG_INFORMATION_FORMAT = dwarf;
				ENABLE_STRICT_OBJC_MSGSEND = YES;
				ENABLE_TESTABILITY = YES;
				GCC_C_LANGUAGE_STANDARD = gnu11;
				GCC_DYNAMIC_NO_PIC = NO;
				GCC_NO_COMMON_BLOCKS = YES;
				GCC_OPTIMIZATION_LEVEL = 0;
				GCC_PREPROCESSOR_DEFINITIONS = (
					"DEBUG=1",
					"$(inherited)",
				);
				GCC_WARN_64_TO_32_BIT_CONVERSION = YES;
				GCC_WARN_ABOUT_RETURN_TYPE = YES_ERROR;
				GCC_WARN_UNDECLARED_SELECTOR = YES;
				GCC_WARN_UNINITIALIZED_AUTOS = YES_AGGRESSIVE;
				GCC_WARN_UNUSED_FUNCTION = YES;
				GCC_WARN_UNUSED_VARIABLE = YES;
				IPHONEOS_DEPLOYMENT_TARGET = 15.0;
				MTL_ENABLE_DEBUG_INFO = INCLUDE_SOURCE;
				MTL_FAST_MATH = YES;
				ONLY_ACTIVE_ARCH = YES;
				SDKROOT = iphoneos;
				SWIFT_ACTIVE_COMPILATION_CONDITIONS = DEBUG;
				SWIFT_OPTIMIZATION_LEVEL = "-Onone";
			};
			name = Debug;
		};
		1D3A3678282FB0EA00021F30 /* Release */ = {
			isa = XCBuildConfiguration;
			buildSettings = {
				ALWAYS_SEARCH_USER_PATHS = NO;
				CLANG_ANALYZER_NONNULL = YES;
				CLANG_ANALYZER_NUMBER_OBJECT_CONVERSION = YES_AGGRESSIVE;
				CLANG_CXX_LANGUAGE_STANDARD = "gnu++17";
				CLANG_CXX_LIBRARY = "libc++";
				CLANG_ENABLE_MODULES = YES;
				CLANG_ENABLE_OBJC_ARC = YES;
				CLANG_ENABLE_OBJC_WEAK = YES;
				CLANG_WARN_BLOCK_CAPTURE_AUTORELEASING = YES;
				CLANG_WARN_BOOL_CONVERSION = YES;
				CLANG_WARN_COMMA = YES;
				CLANG_WARN_CONSTANT_CONVERSION = YES;
				CLANG_WARN_DEPRECATED_OBJC_IMPLEMENTATIONS = YES;
				CLANG_WARN_DIRECT_OBJC_ISA_USAGE = YES_ERROR;
				CLANG_WARN_DOCUMENTATION_COMMENTS = YES;
				CLANG_WARN_EMPTY_BODY = YES;
				CLANG_WARN_ENUM_CONVERSION = YES;
				CLANG_WARN_INFINITE_RECURSION = YES;
				CLANG_WARN_INT_CONVERSION = YES;
				CLANG_WARN_NON_LITERAL_NULL_CONVERSION = YES;
				CLANG_WARN_OBJC_IMPLICIT_RETAIN_SELF = YES;
				CLANG_WARN_OBJC_LITERAL_CONVERSION = YES;
				CLANG_WARN_OBJC_ROOT_CLASS = YES_ERROR;
				CLANG_WARN_QUOTED_INCLUDE_IN_FRAMEWORK_HEADER = YES;
				CLANG_WARN_RANGE_LOOP_ANALYSIS = YES;
				CLANG_WARN_STRICT_PROTOTYPES = YES;
				CLANG_WARN_SUSPICIOUS_MOVE = YES;
				CLANG_WARN_UNGUARDED_AVAILABILITY = YES_AGGRESSIVE;
				CLANG_WARN_UNREACHABLE_CODE = YES;
				CLANG_WARN__DUPLICATE_METHOD_MATCH = YES;
				COPY_PHASE_STRIP = NO;
				DEBUG_INFORMATION_FORMAT = "dwarf-with-dsym";
				ENABLE_NS_ASSERTIONS = NO;
				ENABLE_STRICT_OBJC_MSGSEND = YES;
				GCC_C_LANGUAGE_STANDARD = gnu11;
				GCC_NO_COMMON_BLOCKS = YES;
				GCC_WARN_64_TO_32_BIT_CONVERSION = YES;
				GCC_WARN_ABOUT_RETURN_TYPE = YES_ERROR;
				GCC_WARN_UNDECLARED_SELECTOR = YES;
				GCC_WARN_UNINITIALIZED_AUTOS = YES_AGGRESSIVE;
				GCC_WARN_UNUSED_FUNCTION = YES;
				GCC_WARN_UNUSED_VARIABLE = YES;
				IPHONEOS_DEPLOYMENT_TARGET = 15.0;
				MTL_ENABLE_DEBUG_INFO = NO;
				MTL_FAST_MATH = YES;
				SDKROOT = iphoneos;
				SWIFT_COMPILATION_MODE = wholemodule;
				SWIFT_OPTIMIZATION_LEVEL = "-O";
				VALIDATE_PRODUCT = YES;
			};
			name = Release;
		};
		1D3A367A282FB0EA00021F30 /* Debug */ = {
			isa = XCBuildConfiguration;
			buildSettings = {
				ASSETCATALOG_COMPILER_APPICON_NAME = AppIcon;
				ASSETCATALOG_COMPILER_GLOBAL_ACCENT_COLOR_NAME = AccentColor;
				CODE_SIGN_IDENTITY = "Apple Development";
				CODE_SIGN_STYLE = Automatic;
				CURRENT_PROJECT_VERSION = 1;
				DEVELOPMENT_ASSET_PATHS = "\"PlantLiveApp/Preview Content\"";
				DEVELOPMENT_TEAM = "";
				ENABLE_PREVIEWS = YES;
				GENERATE_INFOPLIST_FILE = YES;
				INFOPLIST_KEY_UIApplicationSceneManifest_Generation = YES;
				INFOPLIST_KEY_UIApplicationSupportsIndirectInputEvents = YES;
				INFOPLIST_KEY_UILaunchScreen_Generation = YES;
				INFOPLIST_KEY_UISupportedInterfaceOrientations_iPad = "UIInterfaceOrientationPortrait UIInterfaceOrientationPortraitUpsideDown UIInterfaceOrientationLandscapeLeft UIInterfaceOrientationLandscapeRight";
				INFOPLIST_KEY_UISupportedInterfaceOrientations_iPhone = "UIInterfaceOrientationPortrait UIInterfaceOrientationLandscapeLeft UIInterfaceOrientationLandscapeRight";
				LD_RUNPATH_SEARCH_PATHS = (
					"$(inherited)",
					"@executable_path/Frameworks",
				);
				MARKETING_VERSION = 1.0;
				PRODUCT_BUNDLE_IDENTIFIER = com.cagatayyildiz.PlantLiveApp;
				PRODUCT_NAME = "$(TARGET_NAME)";
				PROVISIONING_PROFILE_SPECIFIER = "";
				SWIFT_EMIT_LOC_STRINGS = YES;
				SWIFT_VERSION = 5.0;
				TARGETED_DEVICE_FAMILY = "1,2";
			};
			name = Debug;
		};
		1D3A367B282FB0EA00021F30 /* Release */ = {
			isa = XCBuildConfiguration;
			buildSettings = {
				ASSETCATALOG_COMPILER_APPICON_NAME = AppIcon;
				ASSETCATALOG_COMPILER_GLOBAL_ACCENT_COLOR_NAME = AccentColor;
				CODE_SIGN_IDENTITY = "iPhone Distribution";
				CODE_SIGN_STYLE = Manual;
				CURRENT_PROJECT_VERSION = 1;
				DEVELOPMENT_ASSET_PATHS = "\"PlantLiveApp/Preview Content\"";
				DEVELOPMENT_TEAM = 5WJ6D6989G;
				ENABLE_PREVIEWS = YES;
				GENERATE_INFOPLIST_FILE = YES;
				INFOPLIST_KEY_UIApplicationSceneManifest_Generation = YES;
				INFOPLIST_KEY_UIApplicationSupportsIndirectInputEvents = YES;
				INFOPLIST_KEY_UILaunchScreen_Generation = YES;
				INFOPLIST_KEY_UISupportedInterfaceOrientations_iPad = "UIInterfaceOrientationPortrait UIInterfaceOrientationPortraitUpsideDown UIInterfaceOrientationLandscapeLeft UIInterfaceOrientationLandscapeRight";
				INFOPLIST_KEY_UISupportedInterfaceOrientations_iPhone = "UIInterfaceOrientationPortrait UIInterfaceOrientationLandscapeLeft UIInterfaceOrientationLandscapeRight";
				LD_RUNPATH_SEARCH_PATHS = (
					"$(inherited)",
					"@executable_path/Frameworks",
				);
				MARKETING_VERSION = 1.0;
				PRODUCT_BUNDLE_IDENTIFIER = com.cagatayyildiz.PlantLiveApp;
				PRODUCT_NAME = "$(TARGET_NAME)";
				PROVISIONING_PROFILE_SPECIFIER = "XC Ad Hoc: *";
				SWIFT_EMIT_LOC_STRINGS = YES;
				SWIFT_VERSION = 5.0;
				TARGETED_DEVICE_FAMILY = "1,2";
			};
			name = Release;
		};
/* End XCBuildConfiguration section */

/* Begin XCConfigurationList section */
		1D3A3666282FB0E700021F30 /* Build configuration list for PBXProject "PlantLiveApp" */ = {
			isa = XCConfigurationList;
			buildConfigurations = (
				1D3A3677282FB0EA00021F30 /* Debug */,
				1D3A3678282FB0EA00021F30 /* Release */,
			);
			defaultConfigurationIsVisible = 0;
			defaultConfigurationName = Release;
		};
		1D3A3679282FB0EA00021F30 /* Build configuration list for PBXNativeTarget "PlantLiveApp" */ = {
			isa = XCConfigurationList;
			buildConfigurations = (
				1D3A367A282FB0EA00021F30 /* Debug */,
				1D3A367B282FB0EA00021F30 /* Release */,
			);
			defaultConfigurationIsVisible = 0;
			defaultConfigurationName = Release;
		};
/* End XCConfigurationList section */

/* Begin XCRemoteSwiftPackageReference section */
		1DB7545A283A1D1700E9ABB9 /* XCRemoteSwiftPackageReference "Alamofire" */ = {
			isa = XCRemoteSwiftPackageReference;
			repositoryURL = "https://github.com/Alamofire/Alamofire.git";
			requirement = {
				branch = master;
				kind = branch;
			};
		};
/* End XCRemoteSwiftPackageReference section */

/* Begin XCSwiftPackageProductDependency section */
		1DB7545B283A1D1700E9ABB9 /* Alamofire */ = {
			isa = XCSwiftPackageProductDependency;
			package = 1DB7545A283A1D1700E9ABB9 /* XCRemoteSwiftPackageReference "Alamofire" */;
			productName = Alamofire;
		};
/* End XCSwiftPackageProductDependency section */
	};
	rootObject = 1D3A3663282FB0E700021F30 /* Project object */;
}
