// !$*UTF8*$!
{
	archiveVersion = 1;
	classes = {
	};
	objectVersion = 55;
	objects = {

/* Begin PBXBuildFile section */
		03AB197E283793180095DC2D /* ProfilePage.swift in Sources */ = {isa = PBXBuildFile; fileRef = 03AB197D283793170095DC2D /* ProfilePage.swift */; };
		03AB1980283799030095DC2D /* ChangePassword.swift in Sources */ = {isa = PBXBuildFile; fileRef = 03AB197F283799030095DC2D /* ChangePassword.swift */; };
		03B2685A283A7BCF00CAAA68 /* EditProfile.swift in Sources */ = {isa = PBXBuildFile; fileRef = 03B26859283A7BCF00CAAA68 /* EditProfile.swift */; };
		03B2685D283BCFF800CAAA68 /* ProfilePlantList.swift in Sources */ = {isa = PBXBuildFile; fileRef = 03B2685C283BCFF800CAAA68 /* ProfilePlantList.swift */; };
		1BC73D7C285122ED003DC491 /* CircleImage.swift in Sources */ = {isa = PBXBuildFile; fileRef = 1BC73D7B285122ED003DC491 /* CircleImage.swift */; };
		1D3A366F282FB0E800021F30 /* PlantLiveAppApp.swift in Sources */ = {isa = PBXBuildFile; fileRef = 1D3A366E282FB0E800021F30 /* PlantLiveAppApp.swift */; };
		1D3A3671282FB0E800021F30 /* ContentView.swift in Sources */ = {isa = PBXBuildFile; fileRef = 1D3A3670282FB0E800021F30 /* ContentView.swift */; };
		1D3A3673282FB0EA00021F30 /* Assets.xcassets in Resources */ = {isa = PBXBuildFile; fileRef = 1D3A3672282FB0EA00021F30 /* Assets.xcassets */; };
		1D3A3676282FB0EA00021F30 /* Preview Assets.xcassets in Resources */ = {isa = PBXBuildFile; fileRef = 1D3A3675282FB0EA00021F30 /* Preview Assets.xcassets */; };
		1D5B9C6A2830E22F002698E9 /* Category.swift in Sources */ = {isa = PBXBuildFile; fileRef = 1D5B9C692830E22F002698E9 /* Category.swift */; };
		1D5B9C6C2830E465002698E9 /* Plant.swift in Sources */ = {isa = PBXBuildFile; fileRef = 1D5B9C6B2830E465002698E9 /* Plant.swift */; };
		1D5B9C702830E823002698E9 /* HomeScreen.swift in Sources */ = {isa = PBXBuildFile; fileRef = 1D5B9C6F2830E823002698E9 /* HomeScreen.swift */; };
		1D5B9C722830E86A002698E9 /* AboutScreen.swift in Sources */ = {isa = PBXBuildFile; fileRef = 1D5B9C712830E86A002698E9 /* AboutScreen.swift */; };
		1D5B9C742830F44E002698E9 /* PlantDetail.swift in Sources */ = {isa = PBXBuildFile; fileRef = 1D5B9C732830F44E002698E9 /* PlantDetail.swift */; };
		1D5B9C762830FA1C002698E9 /* PlantListScreen.swift in Sources */ = {isa = PBXBuildFile; fileRef = 1D5B9C752830FA1C002698E9 /* PlantListScreen.swift */; };
		1DB7545E283A1EBF00E9ABB9 /* ProductListScreen.swift in Sources */ = {isa = PBXBuildFile; fileRef = 1DB7545D283A1EBF00E9ABB9 /* ProductListScreen.swift */; };
		1DB75460283A1EEB00E9ABB9 /* Product.swift in Sources */ = {isa = PBXBuildFile; fileRef = 1DB7545F283A1EEB00E9ABB9 /* Product.swift */; };
		1DCB70B52838DA41000DA5EC /* CategoryList.swift in Sources */ = {isa = PBXBuildFile; fileRef = 1DCB70B42838DA41000DA5EC /* CategoryList.swift */; };
		1DCB70B72838FFFF000DA5EC /* AddCategory.swift in Sources */ = {isa = PBXBuildFile; fileRef = 1DCB70B62838FFFF000DA5EC /* AddCategory.swift */; };
		1DD2C0AB28547F690063ECBA /* RegisterEMailConfirmCodeScreen.swift in Sources */ = {isa = PBXBuildFile; fileRef = 1DD2C0AA28547F690063ECBA /* RegisterEMailConfirmCodeScreen.swift */; };
		1DD2C0AD285490B50063ECBA /* RegisterConfirmCodeModel.swift in Sources */ = {isa = PBXBuildFile; fileRef = 1DD2C0AC285490B50063ECBA /* RegisterConfirmCodeModel.swift */; };
		1DD2C0AF2854924C0063ECBA /* ConfirmCodeResponseModel.swift in Sources */ = {isa = PBXBuildFile; fileRef = 1DD2C0AE2854924C0063ECBA /* ConfirmCodeResponseModel.swift */; };
		1DD2C0B12854A14B0063ECBA /* MainProfilePageScreen.swift in Sources */ = {isa = PBXBuildFile; fileRef = 1DD2C0B02854A14B0063ECBA /* MainProfilePageScreen.swift */; };
		1DD2C0B32854A71F0063ECBA /* LoginModel.swift in Sources */ = {isa = PBXBuildFile; fileRef = 1DD2C0B22854A71F0063ECBA /* LoginModel.swift */; };
		1DD2C0B52854A7B60063ECBA /* LoginResponseModel.swift in Sources */ = {isa = PBXBuildFile; fileRef = 1DD2C0B42854A7B60063ECBA /* LoginResponseModel.swift */; };
		1DD3B551283A512500C21EF7 /* Header.swift in Sources */ = {isa = PBXBuildFile; fileRef = 1DD3B550283A512500C21EF7 /* Header.swift */; };
		43D9283E28513495007FA09D /* PlantScreen.swift in Sources */ = {isa = PBXBuildFile; fileRef = 43D9283D28513495007FA09D /* PlantScreen.swift */; };
		58FE4A8D28526BC7002F5CF0 /* PlantDetailBigImage.swift in Sources */ = {isa = PBXBuildFile; fileRef = 58FE4A8C28526BC7002F5CF0 /* PlantDetailBigImage.swift */; };
		B34F112128510B840005D67D /* UserDefaultService.swift in Sources */ = {isa = PBXBuildFile; fileRef = B34F112028510B840005D67D /* UserDefaultService.swift */; };
		B34F112428510BCE0005D67D /* UserRepository.swift in Sources */ = {isa = PBXBuildFile; fileRef = B34F112328510BCE0005D67D /* UserRepository.swift */; };
		B34F112628510C770005D67D /* RegisterScreen.swift in Sources */ = {isa = PBXBuildFile; fileRef = B34F112528510C770005D67D /* RegisterScreen.swift */; };
		B34F112828510C8B0005D67D /* LoginScreen.swift in Sources */ = {isa = PBXBuildFile; fileRef = B34F112728510C8B0005D67D /* LoginScreen.swift */; };
		B34F112A28510C9E0005D67D /* ForgotPasswordScreen.swift in Sources */ = {isa = PBXBuildFile; fileRef = B34F112928510C9E0005D67D /* ForgotPasswordScreen.swift */; };
		B34F112C28510D440005D67D /* RegisterModel.swift in Sources */ = {isa = PBXBuildFile; fileRef = B34F112B28510D440005D67D /* RegisterModel.swift */; };
		B34F112E28510D6B0005D67D /* RegisterResponseModel.swift in Sources */ = {isa = PBXBuildFile; fileRef = B34F112D28510D6B0005D67D /* RegisterResponseModel.swift */; };
		DD9B9887284BEA0C004F3779 /* CategoryDetailView.swift in Sources */ = {isa = PBXBuildFile; fileRef = DD9B9886284BEA0C004F3779 /* CategoryDetailView.swift */; };
		DD9B988A284BEB96004F3779 /* Alamofire in Frameworks */ = {isa = PBXBuildFile; productRef = DD9B9889284BEB96004F3779 /* Alamofire */; };
		DD9B988C284BEE5E004F3779 /* tipsModel.swift in Sources */ = {isa = PBXBuildFile; fileRef = DD9B988B284BEE5E004F3779 /* tipsModel.swift */; };
		DD9B988E284BF38D004F3779 /* PlantListModel.swift in Sources */ = {isa = PBXBuildFile; fileRef = DD9B988D284BF38D004F3779 /* PlantListModel.swift */; };
		DDF85B3A283A484600BCA528 /* tabView.swift in Sources */ = {isa = PBXBuildFile; fileRef = DDF85B39283A484600BCA528 /* tabView.swift */; };
		DDFB4B7A2840F1180035ADB2 /* tabbarScreen.swift in Sources */ = {isa = PBXBuildFile; fileRef = DDFB4B792840F1180035ADB2 /* tabbarScreen.swift */; };
		DDFB4B7C2840F4A60035ADB2 /* tabViewScreen.swift in Sources */ = {isa = PBXBuildFile; fileRef = DDFB4B7B2840F4A60035ADB2 /* tabViewScreen.swift */; };
		DDFB4B7E2840F51C0035ADB2 /* tipsScreen.swift in Sources */ = {isa = PBXBuildFile; fileRef = DDFB4B7D2840F51C0035ADB2 /* tipsScreen.swift */; };
		DDFB4B802840F5CD0035ADB2 /* categoryScreen.swift in Sources */ = {isa = PBXBuildFile; fileRef = DDFB4B7F2840F5CD0035ADB2 /* categoryScreen.swift */; };
		DDFB4B822840F6F10035ADB2 /* homeView.swift in Sources */ = {isa = PBXBuildFile; fileRef = DDFB4B812840F6F00035ADB2 /* homeView.swift */; };
		F3885D3B285DCE5F0050807C /* Herculanum.ttf in Resources */ = {isa = PBXBuildFile; fileRef = F3885D32285DCE5E0050807C /* Herculanum.ttf */; };
		F3885D3E285DCE5F0050807C /* Trattatello.ttf in Resources */ = {isa = PBXBuildFile; fileRef = F3885D35285DCE5F0050807C /* Trattatello.ttf */; };
		F3885D41285DCE5F0050807C /* Luminari.ttf in Resources */ = {isa = PBXBuildFile; fileRef = F3885D38285DCE5F0050807C /* Luminari.ttf */; };
		F3885D42285DCE5F0050807C /* Chalkduster.ttf in Resources */ = {isa = PBXBuildFile; fileRef = F3885D39285DCE5F0050807C /* Chalkduster.ttf */; };
		F3A78265285115B900C2C755 /* PlantVM.swift in Sources */ = {isa = PBXBuildFile; fileRef = F3A78264285115B900C2C755 /* PlantVM.swift */; };
		F3A78267285117BA00C2C755 /* MapView.swift in Sources */ = {isa = PBXBuildFile; fileRef = F3A78266285117BA00C2C755 /* MapView.swift */; };
/* End PBXBuildFile section */

/* Begin PBXFileReference section */
		03AB197D283793170095DC2D /* ProfilePage.swift */ = {isa = PBXFileReference; lastKnownFileType = sourcecode.swift; path = ProfilePage.swift; sourceTree = "<group>"; };
		03AB197F283799030095DC2D /* ChangePassword.swift */ = {isa = PBXFileReference; lastKnownFileType = sourcecode.swift; path = ChangePassword.swift; sourceTree = "<group>"; };
		03B26859283A7BCF00CAAA68 /* EditProfile.swift */ = {isa = PBXFileReference; lastKnownFileType = sourcecode.swift; path = EditProfile.swift; sourceTree = "<group>"; };
		03B2685C283BCFF800CAAA68 /* ProfilePlantList.swift */ = {isa = PBXFileReference; lastKnownFileType = sourcecode.swift; path = ProfilePlantList.swift; sourceTree = "<group>"; };
		1BC73D7B285122ED003DC491 /* CircleImage.swift */ = {isa = PBXFileReference; lastKnownFileType = sourcecode.swift; path = CircleImage.swift; sourceTree = "<group>"; };
		1D3A366B282FB0E800021F30 /* PlantLiveApp.app */ = {isa = PBXFileReference; explicitFileType = wrapper.application; includeInIndex = 0; path = PlantLiveApp.app; sourceTree = BUILT_PRODUCTS_DIR; };
		1D3A366E282FB0E800021F30 /* PlantLiveAppApp.swift */ = {isa = PBXFileReference; lastKnownFileType = sourcecode.swift; path = PlantLiveAppApp.swift; sourceTree = "<group>"; };
		1D3A3670282FB0E800021F30 /* ContentView.swift */ = {isa = PBXFileReference; lastKnownFileType = sourcecode.swift; path = ContentView.swift; sourceTree = "<group>"; };
		1D3A3672282FB0EA00021F30 /* Assets.xcassets */ = {isa = PBXFileReference; lastKnownFileType = folder.assetcatalog; path = Assets.xcassets; sourceTree = "<group>"; };
		1D3A3675282FB0EA00021F30 /* Preview Assets.xcassets */ = {isa = PBXFileReference; lastKnownFileType = folder.assetcatalog; path = "Preview Assets.xcassets"; sourceTree = "<group>"; };
		1D5B9C692830E22F002698E9 /* Category.swift */ = {isa = PBXFileReference; lastKnownFileType = sourcecode.swift; path = Category.swift; sourceTree = "<group>"; };
		1D5B9C6B2830E465002698E9 /* Plant.swift */ = {isa = PBXFileReference; lastKnownFileType = sourcecode.swift; path = Plant.swift; sourceTree = "<group>"; };
		1D5B9C6F2830E823002698E9 /* HomeScreen.swift */ = {isa = PBXFileReference; lastKnownFileType = sourcecode.swift; path = HomeScreen.swift; sourceTree = "<group>"; };
		1D5B9C712830E86A002698E9 /* AboutScreen.swift */ = {isa = PBXFileReference; lastKnownFileType = sourcecode.swift; path = AboutScreen.swift; sourceTree = "<group>"; };
		1D5B9C732830F44E002698E9 /* PlantDetail.swift */ = {isa = PBXFileReference; lastKnownFileType = sourcecode.swift; path = PlantDetail.swift; sourceTree = "<group>"; };
		1D5B9C752830FA1C002698E9 /* PlantListScreen.swift */ = {isa = PBXFileReference; lastKnownFileType = sourcecode.swift; path = PlantListScreen.swift; sourceTree = "<group>"; };
		1DB7545D283A1EBF00E9ABB9 /* ProductListScreen.swift */ = {isa = PBXFileReference; lastKnownFileType = sourcecode.swift; path = ProductListScreen.swift; sourceTree = "<group>"; };
		1DB7545F283A1EEB00E9ABB9 /* Product.swift */ = {isa = PBXFileReference; lastKnownFileType = sourcecode.swift; path = Product.swift; sourceTree = "<group>"; };
		1DCB70B42838DA41000DA5EC /* CategoryList.swift */ = {isa = PBXFileReference; lastKnownFileType = sourcecode.swift; path = CategoryList.swift; sourceTree = "<group>"; };
		1DCB70B62838FFFF000DA5EC /* AddCategory.swift */ = {isa = PBXFileReference; lastKnownFileType = sourcecode.swift; path = AddCategory.swift; sourceTree = "<group>"; };
		1DD2C0AA28547F690063ECBA /* RegisterEMailConfirmCodeScreen.swift */ = {isa = PBXFileReference; lastKnownFileType = sourcecode.swift; path = RegisterEMailConfirmCodeScreen.swift; sourceTree = "<group>"; };
		1DD2C0AC285490B50063ECBA /* RegisterConfirmCodeModel.swift */ = {isa = PBXFileReference; lastKnownFileType = sourcecode.swift; path = RegisterConfirmCodeModel.swift; sourceTree = "<group>"; };
		1DD2C0AE2854924C0063ECBA /* ConfirmCodeResponseModel.swift */ = {isa = PBXFileReference; lastKnownFileType = sourcecode.swift; path = ConfirmCodeResponseModel.swift; sourceTree = "<group>"; };
		1DD2C0B02854A14B0063ECBA /* MainProfilePageScreen.swift */ = {isa = PBXFileReference; lastKnownFileType = sourcecode.swift; path = MainProfilePageScreen.swift; sourceTree = "<group>"; };
		1DD2C0B22854A71F0063ECBA /* LoginModel.swift */ = {isa = PBXFileReference; lastKnownFileType = sourcecode.swift; path = LoginModel.swift; sourceTree = "<group>"; };
		1DD2C0B42854A7B60063ECBA /* LoginResponseModel.swift */ = {isa = PBXFileReference; lastKnownFileType = sourcecode.swift; path = LoginResponseModel.swift; sourceTree = "<group>"; };
		1DD3B550283A512500C21EF7 /* Header.swift */ = {isa = PBXFileReference; lastKnownFileType = sourcecode.swift; path = Header.swift; sourceTree = "<group>"; };
		43D9283D28513495007FA09D /* PlantScreen.swift */ = {isa = PBXFileReference; lastKnownFileType = sourcecode.swift; path = PlantScreen.swift; sourceTree = "<group>"; };
		58FE4A8C28526BC7002F5CF0 /* PlantDetailBigImage.swift */ = {isa = PBXFileReference; lastKnownFileType = sourcecode.swift; path = PlantDetailBigImage.swift; sourceTree = "<group>"; };
		B34F112028510B840005D67D /* UserDefaultService.swift */ = {isa = PBXFileReference; lastKnownFileType = sourcecode.swift; path = UserDefaultService.swift; sourceTree = "<group>"; };
		B34F112328510BCE0005D67D /* UserRepository.swift */ = {isa = PBXFileReference; lastKnownFileType = sourcecode.swift; path = UserRepository.swift; sourceTree = "<group>"; };
		B34F112528510C770005D67D /* RegisterScreen.swift */ = {isa = PBXFileReference; lastKnownFileType = sourcecode.swift; path = RegisterScreen.swift; sourceTree = "<group>"; };
		B34F112728510C8B0005D67D /* LoginScreen.swift */ = {isa = PBXFileReference; lastKnownFileType = sourcecode.swift; path = LoginScreen.swift; sourceTree = "<group>"; };
		B34F112928510C9E0005D67D /* ForgotPasswordScreen.swift */ = {isa = PBXFileReference; lastKnownFileType = sourcecode.swift; path = ForgotPasswordScreen.swift; sourceTree = "<group>"; };
		B34F112B28510D440005D67D /* RegisterModel.swift */ = {isa = PBXFileReference; lastKnownFileType = sourcecode.swift; path = RegisterModel.swift; sourceTree = "<group>"; };
		B34F112D28510D6B0005D67D /* RegisterResponseModel.swift */ = {isa = PBXFileReference; lastKnownFileType = sourcecode.swift; path = RegisterResponseModel.swift; sourceTree = "<group>"; };
		DD9B9886284BEA0C004F3779 /* CategoryDetailView.swift */ = {isa = PBXFileReference; lastKnownFileType = sourcecode.swift; path = CategoryDetailView.swift; sourceTree = "<group>"; };
		DD9B988B284BEE5E004F3779 /* tipsModel.swift */ = {isa = PBXFileReference; lastKnownFileType = sourcecode.swift; path = tipsModel.swift; sourceTree = "<group>"; };
		DD9B988D284BF38D004F3779 /* PlantListModel.swift */ = {isa = PBXFileReference; lastKnownFileType = sourcecode.swift; path = PlantListModel.swift; sourceTree = "<group>"; };
		DDF85B39283A484600BCA528 /* tabView.swift */ = {isa = PBXFileReference; lastKnownFileType = sourcecode.swift; path = tabView.swift; sourceTree = "<group>"; };
		DDFB4B792840F1180035ADB2 /* tabbarScreen.swift */ = {isa = PBXFileReference; lastKnownFileType = sourcecode.swift; path = tabbarScreen.swift; sourceTree = "<group>"; };
		DDFB4B7B2840F4A60035ADB2 /* tabViewScreen.swift */ = {isa = PBXFileReference; lastKnownFileType = sourcecode.swift; path = tabViewScreen.swift; sourceTree = "<group>"; };
		DDFB4B7D2840F51C0035ADB2 /* tipsScreen.swift */ = {isa = PBXFileReference; lastKnownFileType = sourcecode.swift; path = tipsScreen.swift; sourceTree = "<group>"; };
		DDFB4B7F2840F5CD0035ADB2 /* categoryScreen.swift */ = {isa = PBXFileReference; lastKnownFileType = sourcecode.swift; path = categoryScreen.swift; sourceTree = "<group>"; };
		DDFB4B812840F6F00035ADB2 /* homeView.swift */ = {isa = PBXFileReference; lastKnownFileType = sourcecode.swift; path = homeView.swift; sourceTree = "<group>"; };
		F3885D32285DCE5E0050807C /* Herculanum.ttf */ = {isa = PBXFileReference; lastKnownFileType = file; path = Herculanum.ttf; sourceTree = "<group>"; };
		F3885D35285DCE5F0050807C /* Trattatello.ttf */ = {isa = PBXFileReference; lastKnownFileType = file; path = Trattatello.ttf; sourceTree = "<group>"; };
		F3885D38285DCE5F0050807C /* Luminari.ttf */ = {isa = PBXFileReference; lastKnownFileType = file; path = Luminari.ttf; sourceTree = "<group>"; };
		F3885D39285DCE5F0050807C /* Chalkduster.ttf */ = {isa = PBXFileReference; lastKnownFileType = file; path = Chalkduster.ttf; sourceTree = "<group>"; };
		F3885D44285DCF240050807C /* Info.plist */ = {isa = PBXFileReference; lastKnownFileType = text.plist; path = Info.plist; sourceTree = "<group>"; };
		F3A78264285115B900C2C755 /* PlantVM.swift */ = {isa = PBXFileReference; lastKnownFileType = sourcecode.swift; path = PlantVM.swift; sourceTree = "<group>"; };
		F3A78266285117BA00C2C755 /* MapView.swift */ = {isa = PBXFileReference; lastKnownFileType = sourcecode.swift; path = MapView.swift; sourceTree = "<group>"; };
/* End PBXFileReference section */

/* Begin PBXFrameworksBuildPhase section */
		1D3A3668282FB0E800021F30 /* Frameworks */ = {
			isa = PBXFrameworksBuildPhase;
			buildActionMask = 2147483647;
			files = (
				DD9B988A284BEB96004F3779 /* Alamofire in Frameworks */,
			);
			runOnlyForDeploymentPostprocessing = 0;
		};
/* End PBXFrameworksBuildPhase section */

/* Begin PBXGroup section */
		03B2685B283A7BF900CAAA68 /* Profile */ = {
			isa = PBXGroup;
			children = (
				B34F112528510C770005D67D /* RegisterScreen.swift */,
				B34F112728510C8B0005D67D /* LoginScreen.swift */,
				B34F112928510C9E0005D67D /* ForgotPasswordScreen.swift */,
				03AB197D283793170095DC2D /* ProfilePage.swift */,
				03B2685C283BCFF800CAAA68 /* ProfilePlantList.swift */,
				03B26859283A7BCF00CAAA68 /* EditProfile.swift */,
				03AB197F283799030095DC2D /* ChangePassword.swift */,
				1DD2C0AA28547F690063ECBA /* RegisterEMailConfirmCodeScreen.swift */,
				1DD2C0B02854A14B0063ECBA /* MainProfilePageScreen.swift */,
			);
			path = Profile;
			sourceTree = "<group>";
		};
		1D3A3662282FB0E700021F30 = {
			isa = PBXGroup;
			children = (
				1D3A366D282FB0E800021F30 /* PlantLiveApp */,
				1D3A366C282FB0E800021F30 /* Products */,
			);
			sourceTree = "<group>";
		};
		1D3A366C282FB0E800021F30 /* Products */ = {
			isa = PBXGroup;
			children = (
				1D3A366B282FB0E800021F30 /* PlantLiveApp.app */,
			);
			name = Products;
			sourceTree = "<group>";
		};
		1D3A366D282FB0E800021F30 /* PlantLiveApp */ = {
			isa = PBXGroup;
			children = (
				F3885D44285DCF240050807C /* Info.plist */,
				B34F111F28510B6A0005D67D /* Services */,
				B34F112228510B9D0005D67D /* Network */,
				1D5B9C6D2830E539002698E9 /* views */,
				1D5B9C682830E1F1002698E9 /* models */,
				1D3A366E282FB0E800021F30 /* PlantLiveAppApp.swift */,
				1D3A3670282FB0E800021F30 /* ContentView.swift */,
				1D3A3672282FB0EA00021F30 /* Assets.xcassets */,
				1D3A3674282FB0EA00021F30 /* Preview Content */,
				DDF85B39283A484600BCA528 /* tabView.swift */,
				F3885D31285DCE4C0050807C /* Fonts */,
			);
			path = PlantLiveApp;
			sourceTree = "<group>";
		};
		1D3A3674282FB0EA00021F30 /* Preview Content */ = {
			isa = PBXGroup;
			children = (
				1D3A3675282FB0EA00021F30 /* Preview Assets.xcassets */,
			);
			path = "Preview Content";
			sourceTree = "<group>";
		};
		1D5B9C682830E1F1002698E9 /* models */ = {
			isa = PBXGroup;
			children = (
				1D5B9C692830E22F002698E9 /* Category.swift */,
				DD9B988D284BF38D004F3779 /* PlantListModel.swift */,
				1D5B9C6B2830E465002698E9 /* Plant.swift */,
				1DB7545F283A1EEB00E9ABB9 /* Product.swift */,
				DD9B988B284BEE5E004F3779 /* tipsModel.swift */,
				B34F112B28510D440005D67D /* RegisterModel.swift */,
				B34F112D28510D6B0005D67D /* RegisterResponseModel.swift */,
				1DD2C0AC285490B50063ECBA /* RegisterConfirmCodeModel.swift */,
				1DD2C0AE2854924C0063ECBA /* ConfirmCodeResponseModel.swift */,
				1DD2C0B22854A71F0063ECBA /* LoginModel.swift */,
				1DD2C0B42854A7B60063ECBA /* LoginResponseModel.swift */,
			);
			path = models;
			sourceTree = "<group>";
		};
		1D5B9C6D2830E539002698E9 /* views */ = {
			isa = PBXGroup;
			children = (
				1D5B9C6E2830E80E002698E9 /* screens */,
			);
			path = views;
			sourceTree = "<group>";
		};
		1D5B9C6E2830E80E002698E9 /* screens */ = {
			isa = PBXGroup;
			children = (
				58EC9D6F285117120054C69D /* PlantDetail */,
				DD9B9885284BE98D004F3779 /* CategoryDetail */,
				1DD3B54F283A50F900C21EF7 /* home */,
				1D5B9C712830E86A002698E9 /* AboutScreen.swift */,
				1D5B9C752830FA1C002698E9 /* PlantListScreen.swift */,
				03B2685B283A7BF900CAAA68 /* Profile */,
				1DCB70B42838DA41000DA5EC /* CategoryList.swift */,
				1DCB70B62838FFFF000DA5EC /* AddCategory.swift */,
				1DB7545D283A1EBF00E9ABB9 /* ProductListScreen.swift */,
			);
			path = screens;
			sourceTree = "<group>";
		};
		1DD3B54F283A50F900C21EF7 /* home */ = {
			isa = PBXGroup;
			children = (
				1D5B9C6F2830E823002698E9 /* HomeScreen.swift */,
				43D9283C28513471007FA09D /* Tips */,
				1DD3B550283A512500C21EF7 /* Header.swift */,
				DDFB4B792840F1180035ADB2 /* tabbarScreen.swift */,
				DDFB4B7B2840F4A60035ADB2 /* tabViewScreen.swift */,
				DDFB4B7D2840F51C0035ADB2 /* tipsScreen.swift */,
				DDFB4B7F2840F5CD0035ADB2 /* categoryScreen.swift */,
				DDFB4B812840F6F00035ADB2 /* homeView.swift */,
			);
			path = home;
			sourceTree = "<group>";
		};
		43D9283C28513471007FA09D /* Tips */ = {
			isa = PBXGroup;
			children = (
				43D9283D28513495007FA09D /* PlantScreen.swift */,
			);
			path = Tips;
			sourceTree = "<group>";
		};
		58EC9D6F285117120054C69D /* PlantDetail */ = {
			isa = PBXGroup;
			children = (
				1D5B9C732830F44E002698E9 /* PlantDetail.swift */,
				F3A78264285115B900C2C755 /* PlantVM.swift */,
				F3A78266285117BA00C2C755 /* MapView.swift */,
				1BC73D7B285122ED003DC491 /* CircleImage.swift */,
				58FE4A8C28526BC7002F5CF0 /* PlantDetailBigImage.swift */,
			);
			path = PlantDetail;
			sourceTree = "<group>";
		};
		B34F111F28510B6A0005D67D /* Services */ = {
			isa = PBXGroup;
			children = (
				B34F112028510B840005D67D /* UserDefaultService.swift */,
			);
			path = Services;
			sourceTree = "<group>";
		};
		B34F112228510B9D0005D67D /* Network */ = {
			isa = PBXGroup;
			children = (
				B34F112328510BCE0005D67D /* UserRepository.swift */,
			);
			path = Network;
			sourceTree = "<group>";
		};
		DD9B9885284BE98D004F3779 /* CategoryDetail */ = {
			isa = PBXGroup;
			children = (
				DD9B9886284BEA0C004F3779 /* CategoryDetailView.swift */,
			);
			path = CategoryDetail;
			sourceTree = "<group>";
		};
		F3885D31285DCE4C0050807C /* Fonts */ = {
			isa = PBXGroup;
			children = (
				F3885D39285DCE5F0050807C /* Chalkduster.ttf */,
				F3885D32285DCE5E0050807C /* Herculanum.ttf */,
				F3885D38285DCE5F0050807C /* Luminari.ttf */,
				F3885D35285DCE5F0050807C /* Trattatello.ttf */,
			);
			path = Fonts;
			sourceTree = "<group>";
		};
/* End PBXGroup section */

/* Begin PBXNativeTarget section */
		1D3A366A282FB0E800021F30 /* PlantLiveApp */ = {
			isa = PBXNativeTarget;
			buildConfigurationList = 1D3A3679282FB0EA00021F30 /* Build configuration list for PBXNativeTarget "PlantLiveApp" */;
			buildPhases = (
				1D3A3667282FB0E800021F30 /* Sources */,
				1D3A3668282FB0E800021F30 /* Frameworks */,
				1D3A3669282FB0E800021F30 /* Resources */,
			);
			buildRules = (
			);
			dependencies = (
			);
			name = PlantLiveApp;
			packageProductDependencies = (
				DD9B9889284BEB96004F3779 /* Alamofire */,
			);
			productName = PlantLiveApp;
			productReference = 1D3A366B282FB0E800021F30 /* PlantLiveApp.app */;
			productType = "com.apple.product-type.application";
		};
/* End PBXNativeTarget section */

/* Begin PBXProject section */
		1D3A3663282FB0E700021F30 /* Project object */ = {
			isa = PBXProject;
			attributes = {
				BuildIndependentTargetsInParallel = 1;
				LastSwiftUpdateCheck = 1310;
				LastUpgradeCheck = 1310;
				TargetAttributes = {
					1D3A366A282FB0E800021F30 = {
						CreatedOnToolsVersion = 13.1;
					};
				};
			};
			buildConfigurationList = 1D3A3666282FB0E700021F30 /* Build configuration list for PBXProject "PlantLiveApp" */;
			compatibilityVersion = "Xcode 13.0";
			developmentRegion = en;
			hasScannedForEncodings = 0;
			knownRegions = (
				en,
				Base,
			);
			mainGroup = 1D3A3662282FB0E700021F30;
			packageReferences = (
				DD9B9888284BEB96004F3779 /* XCRemoteSwiftPackageReference "Alamofire" */,
			);
			productRefGroup = 1D3A366C282FB0E800021F30 /* Products */;
			projectDirPath = "";
			projectRoot = "";
			targets = (
				1D3A366A282FB0E800021F30 /* PlantLiveApp */,
			);
		};
/* End PBXProject section */

/* Begin PBXResourcesBuildPhase section */
		1D3A3669282FB0E800021F30 /* Resources */ = {
			isa = PBXResourcesBuildPhase;
			buildActionMask = 2147483647;
			files = (
				F3885D3B285DCE5F0050807C /* Herculanum.ttf in Resources */,
				F3885D3E285DCE5F0050807C /* Trattatello.ttf in Resources */,
				1D3A3676282FB0EA00021F30 /* Preview Assets.xcassets in Resources */,
				1D3A3673282FB0EA00021F30 /* Assets.xcassets in Resources */,
				F3885D42285DCE5F0050807C /* Chalkduster.ttf in Resources */,
				F3885D41285DCE5F0050807C /* Luminari.ttf in Resources */,
			);
			runOnlyForDeploymentPostprocessing = 0;
		};
/* End PBXResourcesBuildPhase section */

/* Begin PBXSourcesBuildPhase section */
		1D3A3667282FB0E800021F30 /* Sources */ = {
			isa = PBXSourcesBuildPhase;
			buildActionMask = 2147483647;
			files = (
				1DD2C0AD285490B50063ECBA /* RegisterConfirmCodeModel.swift in Sources */,
				B34F112628510C770005D67D /* RegisterScreen.swift in Sources */,
				1DCB70B52838DA41000DA5EC /* CategoryList.swift in Sources */,
				1DD2C0B12854A14B0063ECBA /* MainProfilePageScreen.swift in Sources */,
				DDFB4B7A2840F1180035ADB2 /* tabbarScreen.swift in Sources */,
				58FE4A8D28526BC7002F5CF0 /* PlantDetailBigImage.swift in Sources */,
				1DD2C0AF2854924C0063ECBA /* ConfirmCodeResponseModel.swift in Sources */,
				03AB197E283793180095DC2D /* ProfilePage.swift in Sources */,
				B34F112C28510D440005D67D /* RegisterModel.swift in Sources */,
				1BC73D7C285122ED003DC491 /* CircleImage.swift in Sources */,
				1D3A3671282FB0E800021F30 /* ContentView.swift in Sources */,
				1DD2C0AB28547F690063ECBA /* RegisterEMailConfirmCodeScreen.swift in Sources */,
				03AB1980283799030095DC2D /* ChangePassword.swift in Sources */,
				F3A78267285117BA00C2C755 /* MapView.swift in Sources */,
				DDFB4B822840F6F10035ADB2 /* homeView.swift in Sources */,
				1D5B9C702830E823002698E9 /* HomeScreen.swift in Sources */,
				1D5B9C6C2830E465002698E9 /* Plant.swift in Sources */,
				1DD3B551283A512500C21EF7 /* Header.swift in Sources */,
				1D5B9C762830FA1C002698E9 /* PlantListScreen.swift in Sources */,
				1D3A366F282FB0E800021F30 /* PlantLiveAppApp.swift in Sources */,
				03B2685D283BCFF800CAAA68 /* ProfilePlantList.swift in Sources */,
				B34F112128510B840005D67D /* UserDefaultService.swift in Sources */,
				1D5B9C722830E86A002698E9 /* AboutScreen.swift in Sources */,
				DD9B988E284BF38D004F3779 /* PlantListModel.swift in Sources */,
				DD9B988C284BEE5E004F3779 /* tipsModel.swift in Sources */,
				1D5B9C742830F44E002698E9 /* PlantDetail.swift in Sources */,
				DD9B9887284BEA0C004F3779 /* CategoryDetailView.swift in Sources */,
				43D9283E28513495007FA09D /* PlantScreen.swift in Sources */,
				B34F112428510BCE0005D67D /* UserRepository.swift in Sources */,
				1D5B9C6A2830E22F002698E9 /* Category.swift in Sources */,
				DDFB4B802840F5CD0035ADB2 /* categoryScreen.swift in Sources */,
				1DB7545E283A1EBF00E9ABB9 /* ProductListScreen.swift in Sources */,
				1DD2C0B52854A7B60063ECBA /* LoginResponseModel.swift in Sources */,
				DDFB4B7C2840F4A60035ADB2 /* tabViewScreen.swift in Sources */,
				B34F112A28510C9E0005D67D /* ForgotPasswordScreen.swift in Sources */,
				F3A78265285115B900C2C755 /* PlantVM.swift in Sources */,
				DDF85B3A283A484600BCA528 /* tabView.swift in Sources */,
				1DCB70B72838FFFF000DA5EC /* AddCategory.swift in Sources */,
				1DD2C0B32854A71F0063ECBA /* LoginModel.swift in Sources */,
				1DB75460283A1EEB00E9ABB9 /* Product.swift in Sources */,
				B34F112E28510D6B0005D67D /* RegisterResponseModel.swift in Sources */,
				03B2685A283A7BCF00CAAA68 /* EditProfile.swift in Sources */,
				DDFB4B7E2840F51C0035ADB2 /* tipsScreen.swift in Sources */,
				B34F112828510C8B0005D67D /* LoginScreen.swift in Sources */,
			);
			runOnlyForDeploymentPostprocessing = 0;
		};
/* End PBXSourcesBuildPhase section */

/* Begin XCBuildConfiguration section */
		1D3A3677282FB0EA00021F30 /* Debug */ = {
			isa = XCBuildConfiguration;
			buildSettings = {
				ALWAYS_SEARCH_USER_PATHS = NO;
				CLANG_ANALYZER_NONNULL = YES;
				CLANG_ANALYZER_NUMBER_OBJECT_CONVERSION = YES_AGGRESSIVE;
				CLANG_CXX_LANGUAGE_STANDARD = "gnu++17";
				CLANG_CXX_LIBRARY = "libc++";
				CLANG_ENABLE_MODULES = YES;
				CLANG_ENABLE_OBJC_ARC = YES;
				CLANG_ENABLE_OBJC_WEAK = YES;
				CLANG_WARN_BLOCK_CAPTURE_AUTORELEASING = YES;
				CLANG_WARN_BOOL_CONVERSION = YES;
				CLANG_WARN_COMMA = YES;
				CLANG_WARN_CONSTANT_CONVERSION = YES;
				CLANG_WARN_DEPRECATED_OBJC_IMPLEMENTATIONS = YES;
				CLANG_WARN_DIRECT_OBJC_ISA_USAGE = YES_ERROR;
				CLANG_WARN_DOCUMENTATION_COMMENTS = YES;
				CLANG_WARN_EMPTY_BODY = YES;
				CLANG_WARN_ENUM_CONVERSION = YES;
				CLANG_WARN_INFINITE_RECURSION = YES;
				CLANG_WARN_INT_CONVERSION = YES;
				CLANG_WARN_NON_LITERAL_NULL_CONVERSION = YES;
				CLANG_WARN_OBJC_IMPLICIT_RETAIN_SELF = YES;
				CLANG_WARN_OBJC_LITERAL_CONVERSION = YES;
				CLANG_WARN_OBJC_ROOT_CLASS = YES_ERROR;
				CLANG_WARN_QUOTED_INCLUDE_IN_FRAMEWORK_HEADER = YES;
				CLANG_WARN_RANGE_LOOP_ANALYSIS = YES;
				CLANG_WARN_STRICT_PROTOTYPES = YES;
				CLANG_WARN_SUSPICIOUS_MOVE = YES;
				CLANG_WARN_UNGUARDED_AVAILABILITY = YES_AGGRESSIVE;
				CLANG_WARN_UNREACHABLE_CODE = YES;
				CLANG_WARN__DUPLICATE_METHOD_MATCH = YES;
				COPY_PHASE_STRIP = NO;
				DEBUG_INFORMATION_FORMAT = dwarf;
				ENABLE_STRICT_OBJC_MSGSEND = YES;
				ENABLE_TESTABILITY = YES;
				GCC_C_LANGUAGE_STANDARD = gnu11;
				GCC_DYNAMIC_NO_PIC = NO;
				GCC_NO_COMMON_BLOCKS = YES;
				GCC_OPTIMIZATION_LEVEL = 0;
				GCC_PREPROCESSOR_DEFINITIONS = (
					"DEBUG=1",
					"$(inherited)",
				);
				GCC_WARN_64_TO_32_BIT_CONVERSION = YES;
				GCC_WARN_ABOUT_RETURN_TYPE = YES_ERROR;
				GCC_WARN_UNDECLARED_SELECTOR = YES;
				GCC_WARN_UNINITIALIZED_AUTOS = YES_AGGRESSIVE;
				GCC_WARN_UNUSED_FUNCTION = YES;
				GCC_WARN_UNUSED_VARIABLE = YES;
				IPHONEOS_DEPLOYMENT_TARGET = 15.0;
				MTL_ENABLE_DEBUG_INFO = INCLUDE_SOURCE;
				MTL_FAST_MATH = YES;
				ONLY_ACTIVE_ARCH = YES;
				SDKROOT = iphoneos;
				SWIFT_ACTIVE_COMPILATION_CONDITIONS = DEBUG;
				SWIFT_OPTIMIZATION_LEVEL = "-Onone";
			};
			name = Debug;
		};
		1D3A3678282FB0EA00021F30 /* Release */ = {
			isa = XCBuildConfiguration;
			buildSettings = {
				ALWAYS_SEARCH_USER_PATHS = NO;
				CLANG_ANALYZER_NONNULL = YES;
				CLANG_ANALYZER_NUMBER_OBJECT_CONVERSION = YES_AGGRESSIVE;
				CLANG_CXX_LANGUAGE_STANDARD = "gnu++17";
				CLANG_CXX_LIBRARY = "libc++";
				CLANG_ENABLE_MODULES = YES;
				CLANG_ENABLE_OBJC_ARC = YES;
				CLANG_ENABLE_OBJC_WEAK = YES;
				CLANG_WARN_BLOCK_CAPTURE_AUTORELEASING = YES;
				CLANG_WARN_BOOL_CONVERSION = YES;
				CLANG_WARN_COMMA = YES;
				CLANG_WARN_CONSTANT_CONVERSION = YES;
				CLANG_WARN_DEPRECATED_OBJC_IMPLEMENTATIONS = YES;
				CLANG_WARN_DIRECT_OBJC_ISA_USAGE = YES_ERROR;
				CLANG_WARN_DOCUMENTATION_COMMENTS = YES;
				CLANG_WARN_EMPTY_BODY = YES;
				CLANG_WARN_ENUM_CONVERSION = YES;
				CLANG_WARN_INFINITE_RECURSION = YES;
				CLANG_WARN_INT_CONVERSION = YES;
				CLANG_WARN_NON_LITERAL_NULL_CONVERSION = YES;
				CLANG_WARN_OBJC_IMPLICIT_RETAIN_SELF = YES;
				CLANG_WARN_OBJC_LITERAL_CONVERSION = YES;
				CLANG_WARN_OBJC_ROOT_CLASS = YES_ERROR;
				CLANG_WARN_QUOTED_INCLUDE_IN_FRAMEWORK_HEADER = YES;
				CLANG_WARN_RANGE_LOOP_ANALYSIS = YES;
				CLANG_WARN_STRICT_PROTOTYPES = YES;
				CLANG_WARN_SUSPICIOUS_MOVE = YES;
				CLANG_WARN_UNGUARDED_AVAILABILITY = YES_AGGRESSIVE;
				CLANG_WARN_UNREACHABLE_CODE = YES;
				CLANG_WARN__DUPLICATE_METHOD_MATCH = YES;
				COPY_PHASE_STRIP = NO;
				DEBUG_INFORMATION_FORMAT = "dwarf-with-dsym";
				ENABLE_NS_ASSERTIONS = NO;
				ENABLE_STRICT_OBJC_MSGSEND = YES;
				GCC_C_LANGUAGE_STANDARD = gnu11;
				GCC_NO_COMMON_BLOCKS = YES;
				GCC_WARN_64_TO_32_BIT_CONVERSION = YES;
				GCC_WARN_ABOUT_RETURN_TYPE = YES_ERROR;
				GCC_WARN_UNDECLARED_SELECTOR = YES;
				GCC_WARN_UNINITIALIZED_AUTOS = YES_AGGRESSIVE;
				GCC_WARN_UNUSED_FUNCTION = YES;
				GCC_WARN_UNUSED_VARIABLE = YES;
				IPHONEOS_DEPLOYMENT_TARGET = 15.0;
				MTL_ENABLE_DEBUG_INFO = NO;
				MTL_FAST_MATH = YES;
				SDKROOT = iphoneos;
				SWIFT_COMPILATION_MODE = wholemodule;
				SWIFT_OPTIMIZATION_LEVEL = "-O";
				VALIDATE_PRODUCT = YES;
			};
			name = Release;
		};
		1D3A367A282FB0EA00021F30 /* Debug */ = {
			isa = XCBuildConfiguration;
			buildSettings = {
				ASSETCATALOG_COMPILER_APPICON_NAME = AppIcon;
				ASSETCATALOG_COMPILER_GLOBAL_ACCENT_COLOR_NAME = AccentColor;
				CODE_SIGN_IDENTITY = "Apple Development";
				CODE_SIGN_STYLE = Automatic;
				CURRENT_PROJECT_VERSION = 1;
				DEVELOPMENT_ASSET_PATHS = "\"PlantLiveApp/Preview Content\"";
				DEVELOPMENT_TEAM = TM25KMJQD5;
				ENABLE_PREVIEWS = YES;
				GENERATE_INFOPLIST_FILE = YES;
				INFOPLIST_FILE = PlantLiveApp/Info.plist;
				INFOPLIST_KEY_UIApplicationSceneManifest_Generation = YES;
				INFOPLIST_KEY_UIApplicationSupportsIndirectInputEvents = YES;
				INFOPLIST_KEY_UILaunchScreen_Generation = YES;
				INFOPLIST_KEY_UISupportedInterfaceOrientations_iPad = "UIInterfaceOrientationPortrait UIInterfaceOrientationPortraitUpsideDown UIInterfaceOrientationLandscapeLeft UIInterfaceOrientationLandscapeRight";
				INFOPLIST_KEY_UISupportedInterfaceOrientations_iPhone = "UIInterfaceOrientationPortrait UIInterfaceOrientationLandscapeLeft UIInterfaceOrientationLandscapeRight";
				LD_RUNPATH_SEARCH_PATHS = (
					"$(inherited)",
					"@executable_path/Frameworks",
				);
				MARKETING_VERSION = 1.0;
				PRODUCT_BUNDLE_IDENTIFIER = com.cagatayyildiz.PlantLiveApp;
				PRODUCT_NAME = "$(TARGET_NAME)";
				PROVISIONING_PROFILE_SPECIFIER = "";
				SWIFT_EMIT_LOC_STRINGS = YES;
				SWIFT_VERSION = 5.0;
				TARGETED_DEVICE_FAMILY = "1,2";
			};
			name = Debug;
		};
		1D3A367B282FB0EA00021F30 /* Release */ = {
			isa = XCBuildConfiguration;
			buildSettings = {
				ASSETCATALOG_COMPILER_APPICON_NAME = AppIcon;
				ASSETCATALOG_COMPILER_GLOBAL_ACCENT_COLOR_NAME = AccentColor;
				CODE_SIGN_IDENTITY = "Apple Development";
				CODE_SIGN_STYLE = Automatic;
				CURRENT_PROJECT_VERSION = 1;
				DEVELOPMENT_ASSET_PATHS = "\"PlantLiveApp/Preview Content\"";
				DEVELOPMENT_TEAM = TM25KMJQD5;
				ENABLE_PREVIEWS = YES;
				GENERATE_INFOPLIST_FILE = YES;
				INFOPLIST_FILE = PlantLiveApp/Info.plist;
				INFOPLIST_KEY_UIApplicationSceneManifest_Generation = YES;
				INFOPLIST_KEY_UIApplicationSupportsIndirectInputEvents = YES;
				INFOPLIST_KEY_UILaunchScreen_Generation = YES;
				INFOPLIST_KEY_UISupportedInterfaceOrientations_iPad = "UIInterfaceOrientationPortrait UIInterfaceOrientationPortraitUpsideDown UIInterfaceOrientationLandscapeLeft UIInterfaceOrientationLandscapeRight";
				INFOPLIST_KEY_UISupportedInterfaceOrientations_iPhone = "UIInterfaceOrientationPortrait UIInterfaceOrientationLandscapeLeft UIInterfaceOrientationLandscapeRight";
				LD_RUNPATH_SEARCH_PATHS = (
					"$(inherited)",
					"@executable_path/Frameworks",
				);
				MARKETING_VERSION = 1.0;
				PRODUCT_BUNDLE_IDENTIFIER = com.cagatayyildiz.PlantLiveApp;
				PRODUCT_NAME = "$(TARGET_NAME)";
				PROVISIONING_PROFILE_SPECIFIER = "";
				SWIFT_EMIT_LOC_STRINGS = YES;
				SWIFT_VERSION = 5.0;
				TARGETED_DEVICE_FAMILY = "1,2";
			};
			name = Release;
		};
/* End XCBuildConfiguration section */

/* Begin XCConfigurationList section */
		1D3A3666282FB0E700021F30 /* Build configuration list for PBXProject "PlantLiveApp" */ = {
			isa = XCConfigurationList;
			buildConfigurations = (
				1D3A3677282FB0EA00021F30 /* Debug */,
				1D3A3678282FB0EA00021F30 /* Release */,
			);
			defaultConfigurationIsVisible = 0;
			defaultConfigurationName = Release;
		};
		1D3A3679282FB0EA00021F30 /* Build configuration list for PBXNativeTarget "PlantLiveApp" */ = {
			isa = XCConfigurationList;
			buildConfigurations = (
				1D3A367A282FB0EA00021F30 /* Debug */,
				1D3A367B282FB0EA00021F30 /* Release */,
			);
			defaultConfigurationIsVisible = 0;
			defaultConfigurationName = Release;
		};
/* End XCConfigurationList section */

/* Begin XCRemoteSwiftPackageReference section */
		DD9B9888284BEB96004F3779 /* XCRemoteSwiftPackageReference "Alamofire" */ = {
			isa = XCRemoteSwiftPackageReference;
			repositoryURL = "https://github.com/Alamofire/Alamofire.git";
			requirement = {
				branch = master;
				kind = branch;
			};
		};
/* End XCRemoteSwiftPackageReference section */

/* Begin XCSwiftPackageProductDependency section */
		DD9B9889284BEB96004F3779 /* Alamofire */ = {
			isa = XCSwiftPackageProductDependency;
			package = DD9B9888284BEB96004F3779 /* XCRemoteSwiftPackageReference "Alamofire" */;
			productName = Alamofire;
		};
/* End XCSwiftPackageProductDependency section */
	};
	rootObject = 1D3A3663282FB0E700021F30 /* Project object */;
}
